// !$*UTF8*$!
{
	archiveVersion = 1;
	classes = {
	};
	objectVersion = 46;
	objects = {

/* Begin PBXBuildFile section */
		865C29CD1B84AB5B003FB99E /* GraphView.swift in Sources */ = {isa = PBXBuildFile; fileRef = 865C29CC1B84AB5B003FB99E /* GraphView.swift */; };
		865C29CF1B84AD82003FB99E /* GraphViewController.swift in Sources */ = {isa = PBXBuildFile; fileRef = 865C29CE1B84AD82003FB99E /* GraphViewController.swift */; };
		865CC80C1B847A1B0082C9F0 /* AppDelegate.swift in Sources */ = {isa = PBXBuildFile; fileRef = 865CC80B1B847A1B0082C9F0 /* AppDelegate.swift */; };
		865CC8111B847A1B0082C9F0 /* Main.storyboard in Resources */ = {isa = PBXBuildFile; fileRef = 865CC80F1B847A1B0082C9F0 /* Main.storyboard */; };
		865CC8131B847A1B0082C9F0 /* Images.xcassets in Resources */ = {isa = PBXBuildFile; fileRef = 865CC8121B847A1B0082C9F0 /* Images.xcassets */; };
		865CC8161B847A1B0082C9F0 /* LaunchScreen.xib in Resources */ = {isa = PBXBuildFile; fileRef = 865CC8141B847A1B0082C9F0 /* LaunchScreen.xib */; };
		865CC8221B847A1B0082C9F0 /* GraphingCalculatorTests.swift in Sources */ = {isa = PBXBuildFile; fileRef = 865CC8211B847A1B0082C9F0 /* GraphingCalculatorTests.swift */; };
		865CC82C1B847B1C0082C9F0 /* AxesDrawer.swift in Sources */ = {isa = PBXBuildFile; fileRef = 865CC82B1B847B1C0082C9F0 /* AxesDrawer.swift */; };
		865CC82E1B847B7F0082C9F0 /* CalculatorViewController.swift in Sources */ = {isa = PBXBuildFile; fileRef = 865CC82D1B847B7F0082C9F0 /* CalculatorViewController.swift */; };
		865CC8301B847BD70082C9F0 /* CalculatorBrain.swift in Sources */ = {isa = PBXBuildFile; fileRef = 865CC82F1B847BD70082C9F0 /* CalculatorBrain.swift */; };
/* End PBXBuildFile section */

/* Begin PBXContainerItemProxy section */
		865CC81C1B847A1B0082C9F0 /* PBXContainerItemProxy */ = {
			isa = PBXContainerItemProxy;
			containerPortal = 865CC7FE1B847A1A0082C9F0 /* Project object */;
			proxyType = 1;
			remoteGlobalIDString = 865CC8051B847A1A0082C9F0;
			remoteInfo = GraphingCalculator;
		};
/* End PBXContainerItemProxy section */

/* Begin PBXFileReference section */
		865C29CC1B84AB5B003FB99E /* GraphView.swift */ = {isa = PBXFileReference; fileEncoding = 4; lastKnownFileType = sourcecode.swift; path = GraphView.swift; sourceTree = "<group>"; };
		865C29CE1B84AD82003FB99E /* GraphViewController.swift */ = {isa = PBXFileReference; fileEncoding = 4; lastKnownFileType = sourcecode.swift; path = GraphViewController.swift; sourceTree = "<group>"; };
		865CC8061B847A1A0082C9F0 /* GraphingCalculator.app */ = {isa = PBXFileReference; explicitFileType = wrapper.application; includeInIndex = 0; path = GraphingCalculator.app; sourceTree = BUILT_PRODUCTS_DIR; };
		865CC80A1B847A1A0082C9F0 /* Info.plist */ = {isa = PBXFileReference; lastKnownFileType = text.plist.xml; path = Info.plist; sourceTree = "<group>"; };
		865CC80B1B847A1B0082C9F0 /* AppDelegate.swift */ = {isa = PBXFileReference; lastKnownFileType = sourcecode.swift; path = AppDelegate.swift; sourceTree = "<group>"; };
		865CC8101B847A1B0082C9F0 /* Base */ = {isa = PBXFileReference; lastKnownFileType = file.storyboard; name = Base; path = Base.lproj/Main.storyboard; sourceTree = "<group>"; };
		865CC8121B847A1B0082C9F0 /* Images.xcassets */ = {isa = PBXFileReference; lastKnownFileType = folder.assetcatalog; path = Images.xcassets; sourceTree = "<group>"; };
		865CC8151B847A1B0082C9F0 /* Base */ = {isa = PBXFileReference; lastKnownFileType = file.xib; name = Base; path = Base.lproj/LaunchScreen.xib; sourceTree = "<group>"; };
		865CC81B1B847A1B0082C9F0 /* GraphingCalculatorTests.xctest */ = {isa = PBXFileReference; explicitFileType = wrapper.cfbundle; includeInIndex = 0; path = GraphingCalculatorTests.xctest; sourceTree = BUILT_PRODUCTS_DIR; };
		865CC8201B847A1B0082C9F0 /* Info.plist */ = {isa = PBXFileReference; lastKnownFileType = text.plist.xml; path = Info.plist; sourceTree = "<group>"; };
		865CC8211B847A1B0082C9F0 /* GraphingCalculatorTests.swift */ = {isa = PBXFileReference; lastKnownFileType = sourcecode.swift; path = GraphingCalculatorTests.swift; sourceTree = "<group>"; };
		865CC82B1B847B1C0082C9F0 /* AxesDrawer.swift */ = {isa = PBXFileReference; fileEncoding = 4; lastKnownFileType = sourcecode.swift; path = AxesDrawer.swift; sourceTree = "<group>"; };
		865CC82D1B847B7F0082C9F0 /* CalculatorViewController.swift */ = {isa = PBXFileReference; fileEncoding = 4; lastKnownFileType = sourcecode.swift; path = CalculatorViewController.swift; sourceTree = "<group>"; };
		865CC82F1B847BD70082C9F0 /* CalculatorBrain.swift */ = {isa = PBXFileReference; fileEncoding = 4; lastKnownFileType = sourcecode.swift; path = CalculatorBrain.swift; sourceTree = "<group>"; };
/* End PBXFileReference section */

/* Begin PBXFrameworksBuildPhase section */
		865CC8031B847A1A0082C9F0 /* Frameworks */ = {
			isa = PBXFrameworksBuildPhase;
			buildActionMask = 2147483647;
			files = (
			);
			runOnlyForDeploymentPostprocessing = 0;
		};
		865CC8181B847A1B0082C9F0 /* Frameworks */ = {
			isa = PBXFrameworksBuildPhase;
			buildActionMask = 2147483647;
			files = (
			);
			runOnlyForDeploymentPostprocessing = 0;
		};
/* End PBXFrameworksBuildPhase section */

/* Begin PBXGroup section */
		865CC7FD1B847A1A0082C9F0 = {
			isa = PBXGroup;
			children = (
				865CC8081B847A1A0082C9F0 /* GraphingCalculator */,
				865CC81E1B847A1B0082C9F0 /* GraphingCalculatorTests */,
				865CC8071B847A1A0082C9F0 /* Products */,
			);
			sourceTree = "<group>";
		};
		865CC8071B847A1A0082C9F0 /* Products */ = {
			isa = PBXGroup;
			children = (
				865CC8061B847A1A0082C9F0 /* GraphingCalculator.app */,
				865CC81B1B847A1B0082C9F0 /* GraphingCalculatorTests.xctest */,
			);
			name = Products;
			sourceTree = "<group>";
		};
		865CC8081B847A1A0082C9F0 /* GraphingCalculator */ = {
			isa = PBXGroup;
			children = (
				865CC82B1B847B1C0082C9F0 /* AxesDrawer.swift */,
				865CC82F1B847BD70082C9F0 /* CalculatorBrain.swift */,
				865CC82D1B847B7F0082C9F0 /* CalculatorViewController.swift */,
				865CC80F1B847A1B0082C9F0 /* Main.storyboard */,
				865CC8091B847A1A0082C9F0 /* Supporting Files */,
				865C29CC1B84AB5B003FB99E /* GraphView.swift */,
				865C29CE1B84AD82003FB99E /* GraphViewController.swift */,
			);
			path = GraphingCalculator;
			sourceTree = "<group>";
		};
		865CC8091B847A1A0082C9F0 /* Supporting Files */ = {
			isa = PBXGroup;
			children = (
				865CC80B1B847A1B0082C9F0 /* AppDelegate.swift */,
				865CC8121B847A1B0082C9F0 /* Images.xcassets */,
				865CC8141B847A1B0082C9F0 /* LaunchScreen.xib */,
				865CC80A1B847A1A0082C9F0 /* Info.plist */,
			);
			name = "Supporting Files";
			sourceTree = "<group>";
		};
		865CC81E1B847A1B0082C9F0 /* GraphingCalculatorTests */ = {
			isa = PBXGroup;
			children = (
				865CC8211B847A1B0082C9F0 /* GraphingCalculatorTests.swift */,
				865CC81F1B847A1B0082C9F0 /* Supporting Files */,
			);
			path = GraphingCalculatorTests;
			sourceTree = "<group>";
		};
		865CC81F1B847A1B0082C9F0 /* Supporting Files */ = {
			isa = PBXGroup;
			children = (
				865CC8201B847A1B0082C9F0 /* Info.plist */,
			);
			name = "Supporting Files";
			sourceTree = "<group>";
		};
/* End PBXGroup section */

/* Begin PBXNativeTarget section */
		865CC8051B847A1A0082C9F0 /* GraphingCalculator */ = {
			isa = PBXNativeTarget;
			buildConfigurationList = 865CC8251B847A1B0082C9F0 /* Build configuration list for PBXNativeTarget "GraphingCalculator" */;
			buildPhases = (
				865CC8021B847A1A0082C9F0 /* Sources */,
				865CC8031B847A1A0082C9F0 /* Frameworks */,
				865CC8041B847A1A0082C9F0 /* Resources */,
			);
			buildRules = (
			);
			dependencies = (
			);
			name = GraphingCalculator;
			productName = GraphingCalculator;
			productReference = 865CC8061B847A1A0082C9F0 /* GraphingCalculator.app */;
			productType = "com.apple.product-type.application";
		};
		865CC81A1B847A1B0082C9F0 /* GraphingCalculatorTests */ = {
			isa = PBXNativeTarget;
			buildConfigurationList = 865CC8281B847A1B0082C9F0 /* Build configuration list for PBXNativeTarget "GraphingCalculatorTests" */;
			buildPhases = (
				865CC8171B847A1B0082C9F0 /* Sources */,
				865CC8181B847A1B0082C9F0 /* Frameworks */,
				865CC8191B847A1B0082C9F0 /* Resources */,
			);
			buildRules = (
			);
			dependencies = (
				865CC81D1B847A1B0082C9F0 /* PBXTargetDependency */,
			);
			name = GraphingCalculatorTests;
			productName = GraphingCalculatorTests;
			productReference = 865CC81B1B847A1B0082C9F0 /* GraphingCalculatorTests.xctest */;
			productType = "com.apple.product-type.bundle.unit-test";
		};
/* End PBXNativeTarget section */

/* Begin PBXProject section */
		865CC7FE1B847A1A0082C9F0 /* Project object */ = {
			isa = PBXProject;
			attributes = {
				LastUpgradeCheck = 0640;
				ORGANIZATIONNAME = "David Muñoz Fernández";
				TargetAttributes = {
					865CC8051B847A1A0082C9F0 = {
						CreatedOnToolsVersion = 6.4;
					};
					865CC81A1B847A1B0082C9F0 = {
						CreatedOnToolsVersion = 6.4;
						TestTargetID = 865CC8051B847A1A0082C9F0;
					};
				};
			};
			buildConfigurationList = 865CC8011B847A1A0082C9F0 /* Build configuration list for PBXProject "GraphingCalculator" */;
			compatibilityVersion = "Xcode 3.2";
			developmentRegion = English;
			hasScannedForEncodings = 0;
			knownRegions = (
				en,
				Base,
			);
			mainGroup = 865CC7FD1B847A1A0082C9F0;
			productRefGroup = 865CC8071B847A1A0082C9F0 /* Products */;
			projectDirPath = "";
			projectRoot = "";
			targets = (
				865CC8051B847A1A0082C9F0 /* GraphingCalculator */,
				865CC81A1B847A1B0082C9F0 /* GraphingCalculatorTests */,
			);
		};
/* End PBXProject section */

/* Begin PBXResourcesBuildPhase section */
		865CC8041B847A1A0082C9F0 /* Resources */ = {
			isa = PBXResourcesBuildPhase;
			buildActionMask = 2147483647;
			files = (
				865CC8111B847A1B0082C9F0 /* Main.storyboard in Resources */,
				865CC8161B847A1B0082C9F0 /* LaunchScreen.xib in Resources */,
				865CC8131B847A1B0082C9F0 /* Images.xcassets in Resources */,
			);
			runOnlyForDeploymentPostprocessing = 0;
		};
		865CC8191B847A1B0082C9F0 /* Resources */ = {
			isa = PBXResourcesBuildPhase;
			buildActionMask = 2147483647;
			files = (
			);
			runOnlyForDeploymentPostprocessing = 0;
		};
/* End PBXResourcesBuildPhase section */

/* Begin PBXSourcesBuildPhase section */
		865CC8021B847A1A0082C9F0 /* Sources */ = {
			isa = PBXSourcesBuildPhase;
			buildActionMask = 2147483647;
			files = (
				865C29CD1B84AB5B003FB99E /* GraphView.swift in Sources */,
				865CC82E1B847B7F0082C9F0 /* CalculatorViewController.swift in Sources */,
				865CC80C1B847A1B0082C9F0 /* AppDelegate.swift in Sources */,
				865C29CF1B84AD82003FB99E /* GraphViewController.swift in Sources */,
				865CC8301B847BD70082C9F0 /* CalculatorBrain.swift in Sources */,
				865CC82C1B847B1C0082C9F0 /* AxesDrawer.swift in Sources */,
			);
			runOnlyForDeploymentPostprocessing = 0;
		};
		865CC8171B847A1B0082C9F0 /* Sources */ = {
			isa = PBXSourcesBuildPhase;
			buildActionMask = 2147483647;
			files = (
				865CC8221B847A1B0082C9F0 /* GraphingCalculatorTests.swift in Sources */,
			);
			runOnlyForDeploymentPostprocessing = 0;
		};
/* End PBXSourcesBuildPhase section */

/* Begin PBXTargetDependency section */
		865CC81D1B847A1B0082C9F0 /* PBXTargetDependency */ = {
			isa = PBXTargetDependency;
			target = 865CC8051B847A1A0082C9F0 /* GraphingCalculator */;
			targetProxy = 865CC81C1B847A1B0082C9F0 /* PBXContainerItemProxy */;
		};
/* End PBXTargetDependency section */

/* Begin PBXVariantGroup section */
		865CC80F1B847A1B0082C9F0 /* Main.storyboard */ = {
			isa = PBXVariantGroup;
			children = (
				865CC8101B847A1B0082C9F0 /* Base */,
			);
			name = Main.storyboard;
			sourceTree = "<group>";
		};
		865CC8141B847A1B0082C9F0 /* LaunchScreen.xib */ = {
			isa = PBXVariantGroup;
			children = (
				865CC8151B847A1B0082C9F0 /* Base */,
			);
			name = LaunchScreen.xib;
			sourceTree = "<group>";
		};
/* End PBXVariantGroup section */

/* Begin XCBuildConfiguration section */
		865CC8231B847A1B0082C9F0 /* Debug */ = {
			isa = XCBuildConfiguration;
			buildSettings = {
				ALWAYS_SEARCH_USER_PATHS = NO;
				CLANG_CXX_LANGUAGE_STANDARD = "gnu++0x";
				CLANG_CXX_LIBRARY = "libc++";
				CLANG_ENABLE_MODULES = YES;
				CLANG_ENABLE_OBJC_ARC = YES;
				CLANG_WARN_BOOL_CONVERSION = YES;
				CLANG_WARN_CONSTANT_CONVERSION = YES;
				CLANG_WARN_DIRECT_OBJC_ISA_USAGE = YES_ERROR;
				CLANG_WARN_EMPTY_BODY = YES;
				CLANG_WARN_ENUM_CONVERSION = YES;
				CLANG_WARN_INT_CONVERSION = YES;
				CLANG_WARN_OBJC_ROOT_CLASS = YES_ERROR;
				CLANG_WARN_UNREACHABLE_CODE = YES;
				CLANG_WARN__DUPLICATE_METHOD_MATCH = YES;
				"CODE_SIGN_IDENTITY[sdk=iphoneos*]" = "iPhone Developer";
				COPY_PHASE_STRIP = NO;
				DEBUG_INFORMATION_FORMAT = "dwarf-with-dsym";
				ENABLE_STRICT_OBJC_MSGSEND = YES;
				GCC_C_LANGUAGE_STANDARD = gnu99;
				GCC_DYNAMIC_NO_PIC = NO;
				GCC_NO_COMMON_BLOCKS = YES;
				GCC_OPTIMIZATION_LEVEL = 0;
				GCC_PREPROCESSOR_DEFINITIONS = (
					"DEBUG=1",
					"$(inherited)",
				);
				GCC_SYMBOLS_PRIVATE_EXTERN = NO;
				GCC_WARN_64_TO_32_BIT_CONVERSION = YES;
				GCC_WARN_ABOUT_RETURN_TYPE = YES_ERROR;
				GCC_WARN_UNDECLARED_SELECTOR = YES;
				GCC_WARN_UNINITIALIZED_AUTOS = YES_AGGRESSIVE;
				GCC_WARN_UNUSED_FUNCTION = YES;
				GCC_WARN_UNUSED_VARIABLE = YES;
				IPHONEOS_DEPLOYMENT_TARGET = 8.4;
				MTL_ENABLE_DEBUG_INFO = YES;
				ONLY_ACTIVE_ARCH = YES;
				SDKROOT = iphoneos;
				SWIFT_OPTIMIZATION_LEVEL = "-Onone";
				TARGETED_DEVICE_FAMILY = "1,2";
			};
			name = Debug;
		};
		865CC8241B847A1B0082C9F0 /* Release */ = {
			isa = XCBuildConfiguration;
			buildSettings = {
				ALWAYS_SEARCH_USER_PATHS = NO;
				CLANG_CXX_LANGUAGE_STANDARD = "gnu++0x";
				CLANG_CXX_LIBRARY = "libc++";
				CLANG_ENABLE_MODULES = YES;
				CLANG_ENABLE_OBJC_ARC = YES;
				CLANG_WARN_BOOL_CONVERSION = YES;
				CLANG_WARN_CONSTANT_CONVERSION = YES;
				CLANG_WARN_DIRECT_OBJC_ISA_USAGE = YES_ERROR;
				CLANG_WARN_EMPTY_BODY = YES;
				CLANG_WARN_ENUM_CONVERSION = YES;
				CLANG_WARN_INT_CONVERSION = YES;
				CLANG_WARN_OBJC_ROOT_CLASS = YES_ERROR;
				CLANG_WARN_UNREACHABLE_CODE = YES;
				CLANG_WARN__DUPLICATE_METHOD_MATCH = YES;
				"CODE_SIGN_IDENTITY[sdk=iphoneos*]" = "iPhone Developer";
				COPY_PHASE_STRIP = NO;
				DEBUG_INFORMATION_FORMAT = "dwarf-with-dsym";
				ENABLE_NS_ASSERTIONS = NO;
				ENABLE_STRICT_OBJC_MSGSEND = YES;
				GCC_C_LANGUAGE_STANDARD = gnu99;
				GCC_NO_COMMON_BLOCKS = YES;
				GCC_WARN_64_TO_32_BIT_CONVERSION = YES;
				GCC_WARN_ABOUT_RETURN_TYPE = YES_ERROR;
				GCC_WARN_UNDECLARED_SELECTOR = YES;
				GCC_WARN_UNINITIALIZED_AUTOS = YES_AGGRESSIVE;
				GCC_WARN_UNUSED_FUNCTION = YES;
				GCC_WARN_UNUSED_VARIABLE = YES;
				IPHONEOS_DEPLOYMENT_TARGET = 8.4;
				MTL_ENABLE_DEBUG_INFO = NO;
				SDKROOT = iphoneos;
				TARGETED_DEVICE_FAMILY = "1,2";
				VALIDATE_PRODUCT = YES;
			};
			name = Release;
		};
		865CC8261B847A1B0082C9F0 /* Debug */ = {
			isa = XCBuildConfiguration;
			buildSettings = {
				ASSETCATALOG_COMPILER_APPICON_NAME = AppIcon;
				INFOPLIST_FILE = GraphingCalculator/Info.plist;
				LD_RUNPATH_SEARCH_PATHS = "$(inherited) @executable_path/Frameworks";
				PRODUCT_NAME = "$(TARGET_NAME)";
			};
			name = Debug;
		};
		865CC8271B847A1B0082C9F0 /* Release */ = {
			isa = XCBuildConfiguration;
			buildSettings = {
				ASSETCATALOG_COMPILER_APPICON_NAME = AppIcon;
				INFOPLIST_FILE = GraphingCalculator/Info.plist;
				LD_RUNPATH_SEARCH_PATHS = "$(inherited) @executable_path/Frameworks";
				PRODUCT_NAME = "$(TARGET_NAME)";
			};
			name = Release;
		};
		865CC8291B847A1B0082C9F0 /* Debug */ = {
			isa = XCBuildConfiguration;
			buildSettings = {
				BUNDLE_LOADER = "$(TEST_HOST)";
				FRAMEWORK_SEARCH_PATHS = (
					"$(SDKROOT)/Developer/Library/Frameworks",
					"$(inherited)",
				);
				GCC_PREPROCESSOR_DEFINITIONS = (
					"DEBUG=1",
					"$(inherited)",
				);
				INFOPLIST_FILE = GraphingCalculatorTests/Info.plist;
				LD_RUNPATH_SEARCH_PATHS = "$(inherited) @executable_path/Frameworks @loader_path/Frameworks";
				PRODUCT_NAME = "$(TARGET_NAME)";
				TEST_HOST = "$(BUILT_PRODUCTS_DIR)/GraphingCalculator.app/GraphingCalculator";
			};
			name = Debug;
		};
		865CC82A1B847A1B0082C9F0 /* Release */ = {
			isa = XCBuildConfiguration;
			buildSettings = {
				BUNDLE_LOADER = "$(TEST_HOST)";
				FRAMEWORK_SEARCH_PATHS = (
					"$(SDKROOT)/Developer/Library/Frameworks",
					"$(inherited)",
				);
				INFOPLIST_FILE = GraphingCalculatorTests/Info.plist;
				LD_RUNPATH_SEARCH_PATHS = "$(inherited) @executable_path/Frameworks @loader_path/Frameworks";
				PRODUCT_NAME = "$(TARGET_NAME)";
				TEST_HOST = "$(BUILT_PRODUCTS_DIR)/GraphingCalculator.app/GraphingCalculator";
			};
			name = Release;
		};
/* End XCBuildConfiguration section */

/* Begin XCConfigurationList section */
		865CC8011B847A1A0082C9F0 /* Build configuration list for PBXProject "GraphingCalculator" */ = {
			isa = XCConfigurationList;
			buildConfigurations = (
				865CC8231B847A1B0082C9F0 /* Debug */,
				865CC8241B847A1B0082C9F0 /* Release */,
			);
			defaultConfigurationIsVisible = 0;
			defaultConfigurationName = Release;
		};
		865CC8251B847A1B0082C9F0 /* Build configuration list for PBXNativeTarget "GraphingCalculator" */ = {
			isa = XCConfigurationList;
			buildConfigurations = (
				865CC8261B847A1B0082C9F0 /* Debug */,
				865CC8271B847A1B0082C9F0 /* Release */,
			);
			defaultConfigurationIsVisible = 0;
			defaultConfigurationName = Release;
		};
		865CC8281B847A1B0082C9F0 /* Build configuration list for PBXNativeTarget "GraphingCalculatorTests" */ = {
			isa = XCConfigurationList;
			buildConfigurations = (
				865CC8291B847A1B0082C9F0 /* Debug */,
				865CC82A1B847A1B0082C9F0 /* Release */,
			);
			defaultConfigurationIsVisible = 0;
			defaultConfigurationName = Release;
		};
/* End XCConfigurationList section */
	};
	rootObject = 865CC7FE1B847A1A0082C9F0 /* Project object */;
}
