// !$*UTF8*$!
{
	archiveVersion = 1;
	classes = {
	};
	objectVersion = 46;
	objects = {

/* Begin PBXBuildFile section */
		861A441F1B824A1D00C81E78 /* AppDelegate.swift in Sources */ = {isa = PBXBuildFile; fileRef = 861A441E1B824A1D00C81E78 /* AppDelegate.swift */; };
		861A44211B824A1D00C81E78 /* CassiniViewController.swift in Sources */ = {isa = PBXBuildFile; fileRef = 861A44201B824A1D00C81E78 /* CassiniViewController.swift */; };
		861A44241B824A1D00C81E78 /* Main.storyboard in Resources */ = {isa = PBXBuildFile; fileRef = 861A44221B824A1D00C81E78 /* Main.storyboard */; };
		861A44261B824A1D00C81E78 /* Images.xcassets in Resources */ = {isa = PBXBuildFile; fileRef = 861A44251B824A1D00C81E78 /* Images.xcassets */; };
		861A44291B824A1D00C81E78 /* LaunchScreen.xib in Resources */ = {isa = PBXBuildFile; fileRef = 861A44271B824A1D00C81E78 /* LaunchScreen.xib */; };
		861A44351B824A1D00C81E78 /* CassiniTests.swift in Sources */ = {isa = PBXBuildFile; fileRef = 861A44341B824A1D00C81E78 /* CassiniTests.swift */; };
		861A443F1B824A8300C81E78 /* ImageViewController.swift in Sources */ = {isa = PBXBuildFile; fileRef = 861A443E1B824A8300C81E78 /* ImageViewController.swift */; };
		861A44411B824E6E00C81E78 /* DemoURL.swift in Sources */ = {isa = PBXBuildFile; fileRef = 861A44401B824E6E00C81E78 /* DemoURL.swift */; };
		861A44431B824FCC00C81E78 /* logo-main.png in Resources */ = {isa = PBXBuildFile; fileRef = 861A44421B824FCC00C81E78 /* logo-main.png */; };
/* End PBXBuildFile section */

/* Begin PBXContainerItemProxy section */
		861A442F1B824A1D00C81E78 /* PBXContainerItemProxy */ = {
			isa = PBXContainerItemProxy;
			containerPortal = 861A44111B824A1D00C81E78 /* Project object */;
			proxyType = 1;
			remoteGlobalIDString = 861A44181B824A1D00C81E78;
			remoteInfo = Cassini;
		};
/* End PBXContainerItemProxy section */

/* Begin PBXFileReference section */
		861A44191B824A1D00C81E78 /* Cassini.app */ = {isa = PBXFileReference; explicitFileType = wrapper.application; includeInIndex = 0; path = Cassini.app; sourceTree = BUILT_PRODUCTS_DIR; };
		861A441D1B824A1D00C81E78 /* Info.plist */ = {isa = PBXFileReference; lastKnownFileType = text.plist.xml; path = Info.plist; sourceTree = "<group>"; };
		861A441E1B824A1D00C81E78 /* AppDelegate.swift */ = {isa = PBXFileReference; lastKnownFileType = sourcecode.swift; path = AppDelegate.swift; sourceTree = "<group>"; };
		861A44201B824A1D00C81E78 /* CassiniViewController.swift */ = {isa = PBXFileReference; lastKnownFileType = sourcecode.swift; path = CassiniViewController.swift; sourceTree = "<group>"; };
		861A44231B824A1D00C81E78 /* Base */ = {isa = PBXFileReference; lastKnownFileType = file.storyboard; name = Base; path = Base.lproj/Main.storyboard; sourceTree = "<group>"; };
		861A44251B824A1D00C81E78 /* Images.xcassets */ = {isa = PBXFileReference; lastKnownFileType = folder.assetcatalog; path = Images.xcassets; sourceTree = "<group>"; };
		861A44281B824A1D00C81E78 /* Base */ = {isa = PBXFileReference; lastKnownFileType = file.xib; name = Base; path = Base.lproj/LaunchScreen.xib; sourceTree = "<group>"; };
		861A442E1B824A1D00C81E78 /* CassiniTests.xctest */ = {isa = PBXFileReference; explicitFileType = wrapper.cfbundle; includeInIndex = 0; path = CassiniTests.xctest; sourceTree = BUILT_PRODUCTS_DIR; };
		861A44331B824A1D00C81E78 /* Info.plist */ = {isa = PBXFileReference; lastKnownFileType = text.plist.xml; path = Info.plist; sourceTree = "<group>"; };
		861A44341B824A1D00C81E78 /* CassiniTests.swift */ = {isa = PBXFileReference; lastKnownFileType = sourcecode.swift; path = CassiniTests.swift; sourceTree = "<group>"; };
		861A443E1B824A8300C81E78 /* ImageViewController.swift */ = {isa = PBXFileReference; fileEncoding = 4; lastKnownFileType = sourcecode.swift; path = ImageViewController.swift; sourceTree = "<group>"; };
		861A44401B824E6E00C81E78 /* DemoURL.swift */ = {isa = PBXFileReference; fileEncoding = 4; lastKnownFileType = sourcecode.swift; path = DemoURL.swift; sourceTree = "<group>"; };
		861A44421B824FCC00C81E78 /* logo-main.png */ = {isa = PBXFileReference; lastKnownFileType = image.png; path = "logo-main.png"; sourceTree = "<group>"; };
/* End PBXFileReference section */

/* Begin PBXFrameworksBuildPhase section */
		861A44161B824A1D00C81E78 /* Frameworks */ = {
			isa = PBXFrameworksBuildPhase;
			buildActionMask = 2147483647;
			files = (
			);
			runOnlyForDeploymentPostprocessing = 0;
		};
		861A442B1B824A1D00C81E78 /* Frameworks */ = {
			isa = PBXFrameworksBuildPhase;
			buildActionMask = 2147483647;
			files = (
			);
			runOnlyForDeploymentPostprocessing = 0;
		};
/* End PBXFrameworksBuildPhase section */

/* Begin PBXGroup section */
		861A44101B824A1D00C81E78 = {
			isa = PBXGroup;
			children = (
				861A441B1B824A1D00C81E78 /* Cassini */,
				861A44311B824A1D00C81E78 /* CassiniTests */,
				861A441A1B824A1D00C81E78 /* Products */,
			);
			sourceTree = "<group>";
		};
		861A441A1B824A1D00C81E78 /* Products */ = {
			isa = PBXGroup;
			children = (
				861A44191B824A1D00C81E78 /* Cassini.app */,
				861A442E1B824A1D00C81E78 /* CassiniTests.xctest */,
			);
			name = Products;
			sourceTree = "<group>";
		};
		861A441B1B824A1D00C81E78 /* Cassini */ = {
			isa = PBXGroup;
			children = (
				861A44421B824FCC00C81E78 /* logo-main.png */,
				861A44401B824E6E00C81E78 /* DemoURL.swift */,
				861A44201B824A1D00C81E78 /* CassiniViewController.swift */,
				861A44221B824A1D00C81E78 /* Main.storyboard */,
				861A443E1B824A8300C81E78 /* ImageViewController.swift */,
				861A441C1B824A1D00C81E78 /* Supporting Files */,
			);
			path = Cassini;
			sourceTree = "<group>";
		};
		861A441C1B824A1D00C81E78 /* Supporting Files */ = {
			isa = PBXGroup;
			children = (
				861A44271B824A1D00C81E78 /* LaunchScreen.xib */,
				861A44251B824A1D00C81E78 /* Images.xcassets */,
				861A441E1B824A1D00C81E78 /* AppDelegate.swift */,
				861A441D1B824A1D00C81E78 /* Info.plist */,
			);
			name = "Supporting Files";
			sourceTree = "<group>";
		};
		861A44311B824A1D00C81E78 /* CassiniTests */ = {
			isa = PBXGroup;
			children = (
				861A44341B824A1D00C81E78 /* CassiniTests.swift */,
				861A44321B824A1D00C81E78 /* Supporting Files */,
			);
			path = CassiniTests;
			sourceTree = "<group>";
		};
		861A44321B824A1D00C81E78 /* Supporting Files */ = {
			isa = PBXGroup;
			children = (
				861A44331B824A1D00C81E78 /* Info.plist */,
			);
			name = "Supporting Files";
			sourceTree = "<group>";
		};
/* End PBXGroup section */

/* Begin PBXNativeTarget section */
		861A44181B824A1D00C81E78 /* Cassini */ = {
			isa = PBXNativeTarget;
			buildConfigurationList = 861A44381B824A1E00C81E78 /* Build configuration list for PBXNativeTarget "Cassini" */;
			buildPhases = (
				861A44151B824A1D00C81E78 /* Sources */,
				861A44161B824A1D00C81E78 /* Frameworks */,
				861A44171B824A1D00C81E78 /* Resources */,
			);
			buildRules = (
			);
			dependencies = (
			);
			name = Cassini;
			productName = Cassini;
			productReference = 861A44191B824A1D00C81E78 /* Cassini.app */;
			productType = "com.apple.product-type.application";
		};
		861A442D1B824A1D00C81E78 /* CassiniTests */ = {
			isa = PBXNativeTarget;
			buildConfigurationList = 861A443B1B824A1E00C81E78 /* Build configuration list for PBXNativeTarget "CassiniTests" */;
			buildPhases = (
				861A442A1B824A1D00C81E78 /* Sources */,
				861A442B1B824A1D00C81E78 /* Frameworks */,
				861A442C1B824A1D00C81E78 /* Resources */,
			);
			buildRules = (
			);
			dependencies = (
				861A44301B824A1D00C81E78 /* PBXTargetDependency */,
			);
			name = CassiniTests;
			productName = CassiniTests;
			productReference = 861A442E1B824A1D00C81E78 /* CassiniTests.xctest */;
			productType = "com.apple.product-type.bundle.unit-test";
		};
/* End PBXNativeTarget section */

/* Begin PBXProject section */
		861A44111B824A1D00C81E78 /* Project object */ = {
			isa = PBXProject;
			attributes = {
				LastUpgradeCheck = 0640;
				ORGANIZATIONNAME = "David Muñoz Fernández";
				TargetAttributes = {
					861A44181B824A1D00C81E78 = {
						CreatedOnToolsVersion = 6.4;
					};
					861A442D1B824A1D00C81E78 = {
						CreatedOnToolsVersion = 6.4;
						TestTargetID = 861A44181B824A1D00C81E78;
					};
				};
			};
			buildConfigurationList = 861A44141B824A1D00C81E78 /* Build configuration list for PBXProject "Cassini" */;
			compatibilityVersion = "Xcode 3.2";
			developmentRegion = English;
			hasScannedForEncodings = 0;
			knownRegions = (
				en,
				Base,
			);
			mainGroup = 861A44101B824A1D00C81E78;
			productRefGroup = 861A441A1B824A1D00C81E78 /* Products */;
			projectDirPath = "";
			projectRoot = "";
			targets = (
				861A44181B824A1D00C81E78 /* Cassini */,
				861A442D1B824A1D00C81E78 /* CassiniTests */,
			);
		};
/* End PBXProject section */

/* Begin PBXResourcesBuildPhase section */
		861A44171B824A1D00C81E78 /* Resources */ = {
			isa = PBXResourcesBuildPhase;
			buildActionMask = 2147483647;
			files = (
				861A44241B824A1D00C81E78 /* Main.storyboard in Resources */,
				861A44291B824A1D00C81E78 /* LaunchScreen.xib in Resources */,
				861A44261B824A1D00C81E78 /* Images.xcassets in Resources */,
				861A44431B824FCC00C81E78 /* logo-main.png in Resources */,
			);
			runOnlyForDeploymentPostprocessing = 0;
		};
		861A442C1B824A1D00C81E78 /* Resources */ = {
			isa = PBXResourcesBuildPhase;
			buildActionMask = 2147483647;
			files = (
			);
			runOnlyForDeploymentPostprocessing = 0;
		};
/* End PBXResourcesBuildPhase section */

/* Begin PBXSourcesBuildPhase section */
		861A44151B824A1D00C81E78 /* Sources */ = {
			isa = PBXSourcesBuildPhase;
			buildActionMask = 2147483647;
			files = (
				861A44411B824E6E00C81E78 /* DemoURL.swift in Sources */,
				861A44211B824A1D00C81E78 /* CassiniViewController.swift in Sources */,
				861A443F1B824A8300C81E78 /* ImageViewController.swift in Sources */,
				861A441F1B824A1D00C81E78 /* AppDelegate.swift in Sources */,
			);
			runOnlyForDeploymentPostprocessing = 0;
		};
		861A442A1B824A1D00C81E78 /* Sources */ = {
			isa = PBXSourcesBuildPhase;
			buildActionMask = 2147483647;
			files = (
				861A44351B824A1D00C81E78 /* CassiniTests.swift in Sources */,
			);
			runOnlyForDeploymentPostprocessing = 0;
		};
/* End PBXSourcesBuildPhase section */

/* Begin PBXTargetDependency section */
		861A44301B824A1D00C81E78 /* PBXTargetDependency */ = {
			isa = PBXTargetDependency;
			target = 861A44181B824A1D00C81E78 /* Cassini */;
			targetProxy = 861A442F1B824A1D00C81E78 /* PBXContainerItemProxy */;
		};
/* End PBXTargetDependency section */

/* Begin PBXVariantGroup section */
		861A44221B824A1D00C81E78 /* Main.storyboard */ = {
			isa = PBXVariantGroup;
			children = (
				861A44231B824A1D00C81E78 /* Base */,
			);
			name = Main.storyboard;
			sourceTree = "<group>";
		};
		861A44271B824A1D00C81E78 /* LaunchScreen.xib */ = {
			isa = PBXVariantGroup;
			children = (
				861A44281B824A1D00C81E78 /* Base */,
			);
			name = LaunchScreen.xib;
			sourceTree = "<group>";
		};
/* End PBXVariantGroup section */

/* Begin XCBuildConfiguration section */
		861A44361B824A1D00C81E78 /* Debug */ = {
			isa = XCBuildConfiguration;
			buildSettings = {
				ALWAYS_SEARCH_USER_PATHS = NO;
				CLANG_CXX_LANGUAGE_STANDARD = "gnu++0x";
				CLANG_CXX_LIBRARY = "libc++";
				CLANG_ENABLE_MODULES = YES;
				CLANG_ENABLE_OBJC_ARC = YES;
				CLANG_WARN_BOOL_CONVERSION = YES;
				CLANG_WARN_CONSTANT_CONVERSION = YES;
				CLANG_WARN_DIRECT_OBJC_ISA_USAGE = YES_ERROR;
				CLANG_WARN_EMPTY_BODY = YES;
				CLANG_WARN_ENUM_CONVERSION = YES;
				CLANG_WARN_INT_CONVERSION = YES;
				CLANG_WARN_OBJC_ROOT_CLASS = YES_ERROR;
				CLANG_WARN_UNREACHABLE_CODE = YES;
				CLANG_WARN__DUPLICATE_METHOD_MATCH = YES;
				"CODE_SIGN_IDENTITY[sdk=iphoneos*]" = "iPhone Developer";
				COPY_PHASE_STRIP = NO;
				DEBUG_INFORMATION_FORMAT = "dwarf-with-dsym";
				ENABLE_STRICT_OBJC_MSGSEND = YES;
				GCC_C_LANGUAGE_STANDARD = gnu99;
				GCC_DYNAMIC_NO_PIC = NO;
				GCC_NO_COMMON_BLOCKS = YES;
				GCC_OPTIMIZATION_LEVEL = 0;
				GCC_PREPROCESSOR_DEFINITIONS = (
					"DEBUG=1",
					"$(inherited)",
				);
				GCC_SYMBOLS_PRIVATE_EXTERN = NO;
				GCC_WARN_64_TO_32_BIT_CONVERSION = YES;
				GCC_WARN_ABOUT_RETURN_TYPE = YES_ERROR;
				GCC_WARN_UNDECLARED_SELECTOR = YES;
				GCC_WARN_UNINITIALIZED_AUTOS = YES_AGGRESSIVE;
				GCC_WARN_UNUSED_FUNCTION = YES;
				GCC_WARN_UNUSED_VARIABLE = YES;
				IPHONEOS_DEPLOYMENT_TARGET = 8.4;
				MTL_ENABLE_DEBUG_INFO = YES;
				ONLY_ACTIVE_ARCH = YES;
				SDKROOT = iphoneos;
				SWIFT_OPTIMIZATION_LEVEL = "-Onone";
				TARGETED_DEVICE_FAMILY = "1,2";
			};
			name = Debug;
		};
		861A44371B824A1E00C81E78 /* Release */ = {
			isa = XCBuildConfiguration;
			buildSettings = {
				ALWAYS_SEARCH_USER_PATHS = NO;
				CLANG_CXX_LANGUAGE_STANDARD = "gnu++0x";
				CLANG_CXX_LIBRARY = "libc++";
				CLANG_ENABLE_MODULES = YES;
				CLANG_ENABLE_OBJC_ARC = YES;
				CLANG_WARN_BOOL_CONVERSION = YES;
				CLANG_WARN_CONSTANT_CONVERSION = YES;
				CLANG_WARN_DIRECT_OBJC_ISA_USAGE = YES_ERROR;
				CLANG_WARN_EMPTY_BODY = YES;
				CLANG_WARN_ENUM_CONVERSION = YES;
				CLANG_WARN_INT_CONVERSION = YES;
				CLANG_WARN_OBJC_ROOT_CLASS = YES_ERROR;
				CLANG_WARN_UNREACHABLE_CODE = YES;
				CLANG_WARN__DUPLICATE_METHOD_MATCH = YES;
				"CODE_SIGN_IDENTITY[sdk=iphoneos*]" = "iPhone Developer";
				COPY_PHASE_STRIP = NO;
				DEBUG_INFORMATION_FORMAT = "dwarf-with-dsym";
				ENABLE_NS_ASSERTIONS = NO;
				ENABLE_STRICT_OBJC_MSGSEND = YES;
				GCC_C_LANGUAGE_STANDARD = gnu99;
				GCC_NO_COMMON_BLOCKS = YES;
				GCC_WARN_64_TO_32_BIT_CONVERSION = YES;
				GCC_WARN_ABOUT_RETURN_TYPE = YES_ERROR;
				GCC_WARN_UNDECLARED_SELECTOR = YES;
				GCC_WARN_UNINITIALIZED_AUTOS = YES_AGGRESSIVE;
				GCC_WARN_UNUSED_FUNCTION = YES;
				GCC_WARN_UNUSED_VARIABLE = YES;
				IPHONEOS_DEPLOYMENT_TARGET = 8.4;
				MTL_ENABLE_DEBUG_INFO = NO;
				SDKROOT = iphoneos;
				TARGETED_DEVICE_FAMILY = "1,2";
				VALIDATE_PRODUCT = YES;
			};
			name = Release;
		};
		861A44391B824A1E00C81E78 /* Debug */ = {
			isa = XCBuildConfiguration;
			buildSettings = {
				ASSETCATALOG_COMPILER_APPICON_NAME = AppIcon;
				INFOPLIST_FILE = Cassini/Info.plist;
				LD_RUNPATH_SEARCH_PATHS = "$(inherited) @executable_path/Frameworks";
				PRODUCT_NAME = "$(TARGET_NAME)";
			};
			name = Debug;
		};
		861A443A1B824A1E00C81E78 /* Release */ = {
			isa = XCBuildConfiguration;
			buildSettings = {
				ASSETCATALOG_COMPILER_APPICON_NAME = AppIcon;
				INFOPLIST_FILE = Cassini/Info.plist;
				LD_RUNPATH_SEARCH_PATHS = "$(inherited) @executable_path/Frameworks";
				PRODUCT_NAME = "$(TARGET_NAME)";
			};
			name = Release;
		};
		861A443C1B824A1E00C81E78 /* Debug */ = {
			isa = XCBuildConfiguration;
			buildSettings = {
				BUNDLE_LOADER = "$(TEST_HOST)";
				FRAMEWORK_SEARCH_PATHS = (
					"$(SDKROOT)/Developer/Library/Frameworks",
					"$(inherited)",
				);
				GCC_PREPROCESSOR_DEFINITIONS = (
					"DEBUG=1",
					"$(inherited)",
				);
				INFOPLIST_FILE = CassiniTests/Info.plist;
				LD_RUNPATH_SEARCH_PATHS = "$(inherited) @executable_path/Frameworks @loader_path/Frameworks";
				PRODUCT_NAME = "$(TARGET_NAME)";
				TEST_HOST = "$(BUILT_PRODUCTS_DIR)/Cassini.app/Cassini";
			};
			name = Debug;
		};
		861A443D1B824A1E00C81E78 /* Release */ = {
			isa = XCBuildConfiguration;
			buildSettings = {
				BUNDLE_LOADER = "$(TEST_HOST)";
				FRAMEWORK_SEARCH_PATHS = (
					"$(SDKROOT)/Developer/Library/Frameworks",
					"$(inherited)",
				);
				INFOPLIST_FILE = CassiniTests/Info.plist;
				LD_RUNPATH_SEARCH_PATHS = "$(inherited) @executable_path/Frameworks @loader_path/Frameworks";
				PRODUCT_NAME = "$(TARGET_NAME)";
				TEST_HOST = "$(BUILT_PRODUCTS_DIR)/Cassini.app/Cassini";
			};
			name = Release;
		};
/* End XCBuildConfiguration section */

/* Begin XCConfigurationList section */
		861A44141B824A1D00C81E78 /* Build configuration list for PBXProject "Cassini" */ = {
			isa = XCConfigurationList;
			buildConfigurations = (
				861A44361B824A1D00C81E78 /* Debug */,
				861A44371B824A1E00C81E78 /* Release */,
			);
			defaultConfigurationIsVisible = 0;
			defaultConfigurationName = Release;
		};
		861A44381B824A1E00C81E78 /* Build configuration list for PBXNativeTarget "Cassini" */ = {
			isa = XCConfigurationList;
			buildConfigurations = (
				861A44391B824A1E00C81E78 /* Debug */,
				861A443A1B824A1E00C81E78 /* Release */,
			);
			defaultConfigurationIsVisible = 0;
		};
		861A443B1B824A1E00C81E78 /* Build configuration list for PBXNativeTarget "CassiniTests" */ = {
			isa = XCConfigurationList;
			buildConfigurations = (
				861A443C1B824A1E00C81E78 /* Debug */,
				861A443D1B824A1E00C81E78 /* Release */,
			);
			defaultConfigurationIsVisible = 0;
		};
/* End XCConfigurationList section */
	};
	rootObject = 861A44111B824A1D00C81E78 /* Project object */;
}
