// !$*UTF8*$!
{
	archiveVersion = 1;
	classes = {
	};
	objectVersion = 46;
	objects = {

/* Begin PBXBuildFile section */
		865CA6611B7B9B9800F06802 /* AppDelegate.swift in Sources */ = {isa = PBXBuildFile; fileRef = 865CA6601B7B9B9800F06802 /* AppDelegate.swift */; };
		865CA6661B7B9B9800F06802 /* Main.storyboard in Resources */ = {isa = PBXBuildFile; fileRef = 865CA6641B7B9B9800F06802 /* Main.storyboard */; };
		865CA6681B7B9B9800F06802 /* Images.xcassets in Resources */ = {isa = PBXBuildFile; fileRef = 865CA6671B7B9B9800F06802 /* Images.xcassets */; };
		865CA66B1B7B9B9800F06802 /* LaunchScreen.xib in Resources */ = {isa = PBXBuildFile; fileRef = 865CA6691B7B9B9800F06802 /* LaunchScreen.xib */; };
		865CA6771B7B9B9800F06802 /* HappinessTests.swift in Sources */ = {isa = PBXBuildFile; fileRef = 865CA6761B7B9B9800F06802 /* HappinessTests.swift */; };
		865CA6811B7B9CCB00F06802 /* HappinessViewController.swift in Sources */ = {isa = PBXBuildFile; fileRef = 865CA6801B7B9CCB00F06802 /* HappinessViewController.swift */; };
		865CA6831B7B9E0C00F06802 /* FaceView.swift in Sources */ = {isa = PBXBuildFile; fileRef = 865CA6821B7B9E0C00F06802 /* FaceView.swift */; };
/* End PBXBuildFile section */

/* Begin PBXContainerItemProxy section */
		865CA6711B7B9B9800F06802 /* PBXContainerItemProxy */ = {
			isa = PBXContainerItemProxy;
			containerPortal = 865CA6531B7B9B9800F06802 /* Project object */;
			proxyType = 1;
			remoteGlobalIDString = 865CA65A1B7B9B9800F06802;
			remoteInfo = Happiness;
		};
/* End PBXContainerItemProxy section */

/* Begin PBXFileReference section */
		865CA65B1B7B9B9800F06802 /* Happiness.app */ = {isa = PBXFileReference; explicitFileType = wrapper.application; includeInIndex = 0; path = Happiness.app; sourceTree = BUILT_PRODUCTS_DIR; };
		865CA65F1B7B9B9800F06802 /* Info.plist */ = {isa = PBXFileReference; lastKnownFileType = text.plist.xml; path = Info.plist; sourceTree = "<group>"; };
		865CA6601B7B9B9800F06802 /* AppDelegate.swift */ = {isa = PBXFileReference; lastKnownFileType = sourcecode.swift; path = AppDelegate.swift; sourceTree = "<group>"; };
		865CA6651B7B9B9800F06802 /* Base */ = {isa = PBXFileReference; lastKnownFileType = file.storyboard; name = Base; path = Base.lproj/Main.storyboard; sourceTree = "<group>"; };
		865CA6671B7B9B9800F06802 /* Images.xcassets */ = {isa = PBXFileReference; lastKnownFileType = folder.assetcatalog; path = Images.xcassets; sourceTree = "<group>"; };
		865CA66A1B7B9B9800F06802 /* Base */ = {isa = PBXFileReference; lastKnownFileType = file.xib; name = Base; path = Base.lproj/LaunchScreen.xib; sourceTree = "<group>"; };
		865CA6701B7B9B9800F06802 /* HappinessTests.xctest */ = {isa = PBXFileReference; explicitFileType = wrapper.cfbundle; includeInIndex = 0; path = HappinessTests.xctest; sourceTree = BUILT_PRODUCTS_DIR; };
		865CA6751B7B9B9800F06802 /* Info.plist */ = {isa = PBXFileReference; lastKnownFileType = text.plist.xml; path = Info.plist; sourceTree = "<group>"; };
		865CA6761B7B9B9800F06802 /* HappinessTests.swift */ = {isa = PBXFileReference; lastKnownFileType = sourcecode.swift; path = HappinessTests.swift; sourceTree = "<group>"; };
		865CA6801B7B9CCB00F06802 /* HappinessViewController.swift */ = {isa = PBXFileReference; fileEncoding = 4; lastKnownFileType = sourcecode.swift; path = HappinessViewController.swift; sourceTree = "<group>"; };
		865CA6821B7B9E0C00F06802 /* FaceView.swift */ = {isa = PBXFileReference; fileEncoding = 4; lastKnownFileType = sourcecode.swift; path = FaceView.swift; sourceTree = "<group>"; };
/* End PBXFileReference section */

/* Begin PBXFrameworksBuildPhase section */
		865CA6581B7B9B9800F06802 /* Frameworks */ = {
			isa = PBXFrameworksBuildPhase;
			buildActionMask = 2147483647;
			files = (
			);
			runOnlyForDeploymentPostprocessing = 0;
		};
		865CA66D1B7B9B9800F06802 /* Frameworks */ = {
			isa = PBXFrameworksBuildPhase;
			buildActionMask = 2147483647;
			files = (
			);
			runOnlyForDeploymentPostprocessing = 0;
		};
/* End PBXFrameworksBuildPhase section */

/* Begin PBXGroup section */
		865CA6521B7B9B9800F06802 = {
			isa = PBXGroup;
			children = (
				865CA65D1B7B9B9800F06802 /* Happiness */,
				865CA6731B7B9B9800F06802 /* HappinessTests */,
				865CA65C1B7B9B9800F06802 /* Products */,
			);
			sourceTree = "<group>";
		};
		865CA65C1B7B9B9800F06802 /* Products */ = {
			isa = PBXGroup;
			children = (
				865CA65B1B7B9B9800F06802 /* Happiness.app */,
				865CA6701B7B9B9800F06802 /* HappinessTests.xctest */,
			);
			name = Products;
			sourceTree = "<group>";
		};
		865CA65D1B7B9B9800F06802 /* Happiness */ = {
			isa = PBXGroup;
			children = (
				865CA6641B7B9B9800F06802 /* Main.storyboard */,
				865CA65E1B7B9B9800F06802 /* Supporting Files */,
				865CA6801B7B9CCB00F06802 /* HappinessViewController.swift */,
				865CA6821B7B9E0C00F06802 /* FaceView.swift */,
			);
			path = Happiness;
			sourceTree = "<group>";
		};
		865CA65E1B7B9B9800F06802 /* Supporting Files */ = {
			isa = PBXGroup;
			children = (
				865CA6691B7B9B9800F06802 /* LaunchScreen.xib */,
				865CA6671B7B9B9800F06802 /* Images.xcassets */,
				865CA6601B7B9B9800F06802 /* AppDelegate.swift */,
				865CA65F1B7B9B9800F06802 /* Info.plist */,
			);
			name = "Supporting Files";
			sourceTree = "<group>";
		};
		865CA6731B7B9B9800F06802 /* HappinessTests */ = {
			isa = PBXGroup;
			children = (
				865CA6761B7B9B9800F06802 /* HappinessTests.swift */,
				865CA6741B7B9B9800F06802 /* Supporting Files */,
			);
			path = HappinessTests;
			sourceTree = "<group>";
		};
		865CA6741B7B9B9800F06802 /* Supporting Files */ = {
			isa = PBXGroup;
			children = (
				865CA6751B7B9B9800F06802 /* Info.plist */,
			);
			name = "Supporting Files";
			sourceTree = "<group>";
		};
/* End PBXGroup section */

/* Begin PBXNativeTarget section */
		865CA65A1B7B9B9800F06802 /* Happiness */ = {
			isa = PBXNativeTarget;
			buildConfigurationList = 865CA67A1B7B9B9800F06802 /* Build configuration list for PBXNativeTarget "Happiness" */;
			buildPhases = (
				865CA6571B7B9B9800F06802 /* Sources */,
				865CA6581B7B9B9800F06802 /* Frameworks */,
				865CA6591B7B9B9800F06802 /* Resources */,
			);
			buildRules = (
			);
			dependencies = (
			);
			name = Happiness;
			productName = Happiness;
			productReference = 865CA65B1B7B9B9800F06802 /* Happiness.app */;
			productType = "com.apple.product-type.application";
		};
		865CA66F1B7B9B9800F06802 /* HappinessTests */ = {
			isa = PBXNativeTarget;
			buildConfigurationList = 865CA67D1B7B9B9800F06802 /* Build configuration list for PBXNativeTarget "HappinessTests" */;
			buildPhases = (
				865CA66C1B7B9B9800F06802 /* Sources */,
				865CA66D1B7B9B9800F06802 /* Frameworks */,
				865CA66E1B7B9B9800F06802 /* Resources */,
			);
			buildRules = (
			);
			dependencies = (
				865CA6721B7B9B9800F06802 /* PBXTargetDependency */,
			);
			name = HappinessTests;
			productName = HappinessTests;
			productReference = 865CA6701B7B9B9800F06802 /* HappinessTests.xctest */;
			productType = "com.apple.product-type.bundle.unit-test";
		};
/* End PBXNativeTarget section */

/* Begin PBXProject section */
		865CA6531B7B9B9800F06802 /* Project object */ = {
			isa = PBXProject;
			attributes = {
				LastUpgradeCheck = 0640;
				ORGANIZATIONNAME = "David Muñoz Fernández";
				TargetAttributes = {
					865CA65A1B7B9B9800F06802 = {
						CreatedOnToolsVersion = 6.4;
					};
					865CA66F1B7B9B9800F06802 = {
						CreatedOnToolsVersion = 6.4;
						TestTargetID = 865CA65A1B7B9B9800F06802;
					};
				};
			};
			buildConfigurationList = 865CA6561B7B9B9800F06802 /* Build configuration list for PBXProject "Happiness" */;
			compatibilityVersion = "Xcode 3.2";
			developmentRegion = English;
			hasScannedForEncodings = 0;
			knownRegions = (
				en,
				Base,
			);
			mainGroup = 865CA6521B7B9B9800F06802;
			productRefGroup = 865CA65C1B7B9B9800F06802 /* Products */;
			projectDirPath = "";
			projectRoot = "";
			targets = (
				865CA65A1B7B9B9800F06802 /* Happiness */,
				865CA66F1B7B9B9800F06802 /* HappinessTests */,
			);
		};
/* End PBXProject section */

/* Begin PBXResourcesBuildPhase section */
		865CA6591B7B9B9800F06802 /* Resources */ = {
			isa = PBXResourcesBuildPhase;
			buildActionMask = 2147483647;
			files = (
				865CA6661B7B9B9800F06802 /* Main.storyboard in Resources */,
				865CA66B1B7B9B9800F06802 /* LaunchScreen.xib in Resources */,
				865CA6681B7B9B9800F06802 /* Images.xcassets in Resources */,
			);
			runOnlyForDeploymentPostprocessing = 0;
		};
		865CA66E1B7B9B9800F06802 /* Resources */ = {
			isa = PBXResourcesBuildPhase;
			buildActionMask = 2147483647;
			files = (
			);
			runOnlyForDeploymentPostprocessing = 0;
		};
/* End PBXResourcesBuildPhase section */

/* Begin PBXSourcesBuildPhase section */
		865CA6571B7B9B9800F06802 /* Sources */ = {
			isa = PBXSourcesBuildPhase;
			buildActionMask = 2147483647;
			files = (
				865CA6811B7B9CCB00F06802 /* HappinessViewController.swift in Sources */,
				865CA6611B7B9B9800F06802 /* AppDelegate.swift in Sources */,
				865CA6831B7B9E0C00F06802 /* FaceView.swift in Sources */,
			);
			runOnlyForDeploymentPostprocessing = 0;
		};
		865CA66C1B7B9B9800F06802 /* Sources */ = {
			isa = PBXSourcesBuildPhase;
			buildActionMask = 2147483647;
			files = (
				865CA6771B7B9B9800F06802 /* HappinessTests.swift in Sources */,
			);
			runOnlyForDeploymentPostprocessing = 0;
		};
/* End PBXSourcesBuildPhase section */

/* Begin PBXTargetDependency section */
		865CA6721B7B9B9800F06802 /* PBXTargetDependency */ = {
			isa = PBXTargetDependency;
			target = 865CA65A1B7B9B9800F06802 /* Happiness */;
			targetProxy = 865CA6711B7B9B9800F06802 /* PBXContainerItemProxy */;
		};
/* End PBXTargetDependency section */

/* Begin PBXVariantGroup section */
		865CA6641B7B9B9800F06802 /* Main.storyboard */ = {
			isa = PBXVariantGroup;
			children = (
				865CA6651B7B9B9800F06802 /* Base */,
			);
			name = Main.storyboard;
			sourceTree = "<group>";
		};
		865CA6691B7B9B9800F06802 /* LaunchScreen.xib */ = {
			isa = PBXVariantGroup;
			children = (
				865CA66A1B7B9B9800F06802 /* Base */,
			);
			name = LaunchScreen.xib;
			sourceTree = "<group>";
		};
/* End PBXVariantGroup section */

/* Begin XCBuildConfiguration section */
		865CA6781B7B9B9800F06802 /* Debug */ = {
			isa = XCBuildConfiguration;
			buildSettings = {
				ALWAYS_SEARCH_USER_PATHS = NO;
				CLANG_CXX_LANGUAGE_STANDARD = "gnu++0x";
				CLANG_CXX_LIBRARY = "libc++";
				CLANG_ENABLE_MODULES = YES;
				CLANG_ENABLE_OBJC_ARC = YES;
				CLANG_WARN_BOOL_CONVERSION = YES;
				CLANG_WARN_CONSTANT_CONVERSION = YES;
				CLANG_WARN_DIRECT_OBJC_ISA_USAGE = YES_ERROR;
				CLANG_WARN_EMPTY_BODY = YES;
				CLANG_WARN_ENUM_CONVERSION = YES;
				CLANG_WARN_INT_CONVERSION = YES;
				CLANG_WARN_OBJC_ROOT_CLASS = YES_ERROR;
				CLANG_WARN_UNREACHABLE_CODE = YES;
				CLANG_WARN__DUPLICATE_METHOD_MATCH = YES;
				"CODE_SIGN_IDENTITY[sdk=iphoneos*]" = "iPhone Developer";
				COPY_PHASE_STRIP = NO;
				DEBUG_INFORMATION_FORMAT = "dwarf-with-dsym";
				ENABLE_STRICT_OBJC_MSGSEND = YES;
				GCC_C_LANGUAGE_STANDARD = gnu99;
				GCC_DYNAMIC_NO_PIC = NO;
				GCC_NO_COMMON_BLOCKS = YES;
				GCC_OPTIMIZATION_LEVEL = 0;
				GCC_PREPROCESSOR_DEFINITIONS = (
					"DEBUG=1",
					"$(inherited)",
				);
				GCC_SYMBOLS_PRIVATE_EXTERN = NO;
				GCC_WARN_64_TO_32_BIT_CONVERSION = YES;
				GCC_WARN_ABOUT_RETURN_TYPE = YES_ERROR;
				GCC_WARN_UNDECLARED_SELECTOR = YES;
				GCC_WARN_UNINITIALIZED_AUTOS = YES_AGGRESSIVE;
				GCC_WARN_UNUSED_FUNCTION = YES;
				GCC_WARN_UNUSED_VARIABLE = YES;
				IPHONEOS_DEPLOYMENT_TARGET = 8.4;
				MTL_ENABLE_DEBUG_INFO = YES;
				ONLY_ACTIVE_ARCH = YES;
				SDKROOT = iphoneos;
				SWIFT_OPTIMIZATION_LEVEL = "-Onone";
				TARGETED_DEVICE_FAMILY = "1,2";
			};
			name = Debug;
		};
		865CA6791B7B9B9800F06802 /* Release */ = {
			isa = XCBuildConfiguration;
			buildSettings = {
				ALWAYS_SEARCH_USER_PATHS = NO;
				CLANG_CXX_LANGUAGE_STANDARD = "gnu++0x";
				CLANG_CXX_LIBRARY = "libc++";
				CLANG_ENABLE_MODULES = YES;
				CLANG_ENABLE_OBJC_ARC = YES;
				CLANG_WARN_BOOL_CONVERSION = YES;
				CLANG_WARN_CONSTANT_CONVERSION = YES;
				CLANG_WARN_DIRECT_OBJC_ISA_USAGE = YES_ERROR;
				CLANG_WARN_EMPTY_BODY = YES;
				CLANG_WARN_ENUM_CONVERSION = YES;
				CLANG_WARN_INT_CONVERSION = YES;
				CLANG_WARN_OBJC_ROOT_CLASS = YES_ERROR;
				CLANG_WARN_UNREACHABLE_CODE = YES;
				CLANG_WARN__DUPLICATE_METHOD_MATCH = YES;
				"CODE_SIGN_IDENTITY[sdk=iphoneos*]" = "iPhone Developer";
				COPY_PHASE_STRIP = NO;
				DEBUG_INFORMATION_FORMAT = "dwarf-with-dsym";
				ENABLE_NS_ASSERTIONS = NO;
				ENABLE_STRICT_OBJC_MSGSEND = YES;
				GCC_C_LANGUAGE_STANDARD = gnu99;
				GCC_NO_COMMON_BLOCKS = YES;
				GCC_WARN_64_TO_32_BIT_CONVERSION = YES;
				GCC_WARN_ABOUT_RETURN_TYPE = YES_ERROR;
				GCC_WARN_UNDECLARED_SELECTOR = YES;
				GCC_WARN_UNINITIALIZED_AUTOS = YES_AGGRESSIVE;
				GCC_WARN_UNUSED_FUNCTION = YES;
				GCC_WARN_UNUSED_VARIABLE = YES;
				IPHONEOS_DEPLOYMENT_TARGET = 8.4;
				MTL_ENABLE_DEBUG_INFO = NO;
				SDKROOT = iphoneos;
				TARGETED_DEVICE_FAMILY = "1,2";
				VALIDATE_PRODUCT = YES;
			};
			name = Release;
		};
		865CA67B1B7B9B9800F06802 /* Debug */ = {
			isa = XCBuildConfiguration;
			buildSettings = {
				ASSETCATALOG_COMPILER_APPICON_NAME = AppIcon;
				INFOPLIST_FILE = Happiness/Info.plist;
				LD_RUNPATH_SEARCH_PATHS = "$(inherited) @executable_path/Frameworks";
				PRODUCT_NAME = "$(TARGET_NAME)";
			};
			name = Debug;
		};
		865CA67C1B7B9B9800F06802 /* Release */ = {
			isa = XCBuildConfiguration;
			buildSettings = {
				ASSETCATALOG_COMPILER_APPICON_NAME = AppIcon;
				INFOPLIST_FILE = Happiness/Info.plist;
				LD_RUNPATH_SEARCH_PATHS = "$(inherited) @executable_path/Frameworks";
				PRODUCT_NAME = "$(TARGET_NAME)";
			};
			name = Release;
		};
		865CA67E1B7B9B9800F06802 /* Debug */ = {
			isa = XCBuildConfiguration;
			buildSettings = {
				BUNDLE_LOADER = "$(TEST_HOST)";
				FRAMEWORK_SEARCH_PATHS = (
					"$(SDKROOT)/Developer/Library/Frameworks",
					"$(inherited)",
				);
				GCC_PREPROCESSOR_DEFINITIONS = (
					"DEBUG=1",
					"$(inherited)",
				);
				INFOPLIST_FILE = HappinessTests/Info.plist;
				LD_RUNPATH_SEARCH_PATHS = "$(inherited) @executable_path/Frameworks @loader_path/Frameworks";
				PRODUCT_NAME = "$(TARGET_NAME)";
				TEST_HOST = "$(BUILT_PRODUCTS_DIR)/Happiness.app/Happiness";
			};
			name = Debug;
		};
		865CA67F1B7B9B9800F06802 /* Release */ = {
			isa = XCBuildConfiguration;
			buildSettings = {
				BUNDLE_LOADER = "$(TEST_HOST)";
				FRAMEWORK_SEARCH_PATHS = (
					"$(SDKROOT)/Developer/Library/Frameworks",
					"$(inherited)",
				);
				INFOPLIST_FILE = HappinessTests/Info.plist;
				LD_RUNPATH_SEARCH_PATHS = "$(inherited) @executable_path/Frameworks @loader_path/Frameworks";
				PRODUCT_NAME = "$(TARGET_NAME)";
				TEST_HOST = "$(BUILT_PRODUCTS_DIR)/Happiness.app/Happiness";
			};
			name = Release;
		};
/* End XCBuildConfiguration section */

/* Begin XCConfigurationList section */
		865CA6561B7B9B9800F06802 /* Build configuration list for PBXProject "Happiness" */ = {
			isa = XCConfigurationList;
			buildConfigurations = (
				865CA6781B7B9B9800F06802 /* Debug */,
				865CA6791B7B9B9800F06802 /* Release */,
			);
			defaultConfigurationIsVisible = 0;
			defaultConfigurationName = Release;
		};
		865CA67A1B7B9B9800F06802 /* Build configuration list for PBXNativeTarget "Happiness" */ = {
			isa = XCConfigurationList;
			buildConfigurations = (
				865CA67B1B7B9B9800F06802 /* Debug */,
				865CA67C1B7B9B9800F06802 /* Release */,
			);
			defaultConfigurationIsVisible = 0;
		};
		865CA67D1B7B9B9800F06802 /* Build configuration list for PBXNativeTarget "HappinessTests" */ = {
			isa = XCConfigurationList;
			buildConfigurations = (
				865CA67E1B7B9B9800F06802 /* Debug */,
				865CA67F1B7B9B9800F06802 /* Release */,
			);
			defaultConfigurationIsVisible = 0;
		};
/* End XCConfigurationList section */
	};
	rootObject = 865CA6531B7B9B9800F06802 /* Project object */;
}
